// !$*UTF8*$!
{
	archiveVersion = 1;
	classes = {
	};
	objectVersion = 56;
	objects = {

/* Begin PBXBuildFile section */
		3F2700CD2A59602600B83CFF /* PortfolioView.swift in Sources */ = {isa = PBXBuildFile; fileRef = 3F2700CC2A59602600B83CFF /* PortfolioView.swift */; };
		3F2700D12A59695500B83CFF /* XmarkButton.swift in Sources */ = {isa = PBXBuildFile; fileRef = 3F2700D02A59695500B83CFF /* XmarkButton.swift */; };
		3F2700D42A596E0200B83CFF /* CoinLogoView.swift in Sources */ = {isa = PBXBuildFile; fileRef = 3F2700D32A596E0200B83CFF /* CoinLogoView.swift */; };
		3F2700D72A5AB38A00B83CFF /* PortfolioContainer.xcdatamodeld in Sources */ = {isa = PBXBuildFile; fileRef = 3F2700D52A5AB38A00B83CFF /* PortfolioContainer.xcdatamodeld */; };
		3F2700D92A5AB4FF00B83CFF /* PortfolioDataService.swift in Sources */ = {isa = PBXBuildFile; fileRef = 3F2700D82A5AB4FF00B83CFF /* PortfolioDataService.swift */; };
		3F270F6A2A6E73D40072639F /* SettingsView.swift in Sources */ = {isa = PBXBuildFile; fileRef = 3F270F692A6E73D40072639F /* SettingsView.swift */; };
		3F270F712A6EBA7A0072639F /* LaunchScreen.storyboard in Resources */ = {isa = PBXBuildFile; fileRef = 3F270F702A6EBA7A0072639F /* LaunchScreen.storyboard */; };
		3F270F732A6EBEAA0072639F /* LaunchView.swift in Sources */ = {isa = PBXBuildFile; fileRef = 3F270F722A6EBEAA0072639F /* LaunchView.swift */; };
		3F3183652A6D36DE002A45A5 /* ChartView.swift in Sources */ = {isa = PBXBuildFile; fileRef = 3F3183642A6D36DE002A45A5 /* ChartView.swift */; };
		3F3183672A6D454B002A45A5 /* Date.swift in Sources */ = {isa = PBXBuildFile; fileRef = 3F3183662A6D454B002A45A5 /* Date.swift */; };
		3F3183692A6D8FF6002A45A5 /* String.swift in Sources */ = {isa = PBXBuildFile; fileRef = 3F3183682A6D8FF6002A45A5 /* String.swift */; };
		3F50A12F2A55E93300D62824 /* SearchBarView.swift in Sources */ = {isa = PBXBuildFile; fileRef = 3F50A12E2A55E93300D62824 /* SearchBarView.swift */; };
		3F50A1312A55F6B100D62824 /* UIApplication.swift in Sources */ = {isa = PBXBuildFile; fileRef = 3F50A1302A55F6B100D62824 /* UIApplication.swift */; };
		3F50A1332A56D16200D62824 /* StatisticModel.swift in Sources */ = {isa = PBXBuildFile; fileRef = 3F50A1322A56D16200D62824 /* StatisticModel.swift */; };
		3F50A1362A56D2BC00D62824 /* StatasticView.swift in Sources */ = {isa = PBXBuildFile; fileRef = 3F50A1352A56D2BC00D62824 /* StatasticView.swift */; };
		3F50A1382A56F18B00D62824 /* HomeStateView.swift in Sources */ = {isa = PBXBuildFile; fileRef = 3F50A1372A56F18B00D62824 /* HomeStateView.swift */; };
		3F7765672A58189A00230227 /* MarketDataModel.swift in Sources */ = {isa = PBXBuildFile; fileRef = 3F7765662A58189A00230227 /* MarketDataModel.swift */; };
		3F7765692A581F5C00230227 /* MarketDataService.swift in Sources */ = {isa = PBXBuildFile; fileRef = 3F7765682A581F5C00230227 /* MarketDataService.swift */; };
		3F80971F2A5443D40071F16A /* CoinImageService.swift in Sources */ = {isa = PBXBuildFile; fileRef = 3F80971E2A5443D40071F16A /* CoinImageService.swift */; };
		3F8097212A54469D0071F16A /* CoinImageViewModel.swift in Sources */ = {isa = PBXBuildFile; fileRef = 3F8097202A54469D0071F16A /* CoinImageViewModel.swift */; };
		3F8097232A5455D80071F16A /* LocalFileManager.swift in Sources */ = {isa = PBXBuildFile; fileRef = 3F8097222A5455D80071F16A /* LocalFileManager.swift */; };
		3F85AFD82A66C20100839DED /* HapticsManager.swift in Sources */ = {isa = PBXBuildFile; fileRef = 3F85AFD72A66C20100839DED /* HapticsManager.swift */; };
		3F85AFDD2A681AEA00839DED /* DetailView.swift in Sources */ = {isa = PBXBuildFile; fileRef = 3F85AFDC2A681AEA00839DED /* DetailView.swift */; };
		3F85AFDF2A68590300839DED /* CoinDetailModel.swift in Sources */ = {isa = PBXBuildFile; fileRef = 3F85AFDE2A68590300839DED /* CoinDetailModel.swift */; };
		3F85AFE12A685E4700839DED /* DetailViewModel.swift in Sources */ = {isa = PBXBuildFile; fileRef = 3F85AFE02A685E4700839DED /* DetailViewModel.swift */; };
		3F85AFE32A685EA700839DED /* CoinDetailDataService.swift in Sources */ = {isa = PBXBuildFile; fileRef = 3F85AFE22A685EA700839DED /* CoinDetailDataService.swift */; };
		3F9B37502A4AD65600275B7F /* CryptoAppApp.swift in Sources */ = {isa = PBXBuildFile; fileRef = 3F9B374F2A4AD65600275B7F /* CryptoAppApp.swift */; };
		3F9B37542A4AD65700275B7F /* Assets.xcassets in Resources */ = {isa = PBXBuildFile; fileRef = 3F9B37532A4AD65700275B7F /* Assets.xcassets */; };
		3F9B37572A4AD65700275B7F /* Preview Assets.xcassets in Resources */ = {isa = PBXBuildFile; fileRef = 3F9B37562A4AD65700275B7F /* Preview Assets.xcassets */; };
		3F9B375F2A4ADB1100275B7F /* Color.swift in Sources */ = {isa = PBXBuildFile; fileRef = 3F9B375E2A4ADB1100275B7F /* Color.swift */; };
		3F9B37652A4AE85E00275B7F /* HomeView.swift in Sources */ = {isa = PBXBuildFile; fileRef = 3F9B37642A4AE85E00275B7F /* HomeView.swift */; };
		3F9B37682A4AE9C500275B7F /* CircleButtonView.swift in Sources */ = {isa = PBXBuildFile; fileRef = 3F9B37672A4AE9C500275B7F /* CircleButtonView.swift */; };
		3F9B376B2A4AF11600275B7F /* CircleButtonAnimationView.swift in Sources */ = {isa = PBXBuildFile; fileRef = 3F9B376A2A4AF11600275B7F /* CircleButtonAnimationView.swift */; };
		3F9B376E2A4B004C00275B7F /* CoinModel.swift in Sources */ = {isa = PBXBuildFile; fileRef = 3F9B376D2A4B004C00275B7F /* CoinModel.swift */; };
		3F9B37702A5035AD00275B7F /* CoinRowView.swift in Sources */ = {isa = PBXBuildFile; fileRef = 3F9B376F2A5035AD00275B7F /* CoinRowView.swift */; };
		3F9B37742A5036B300275B7F /* PreviewProvider.swift in Sources */ = {isa = PBXBuildFile; fileRef = 3F9B37732A5036B300275B7F /* PreviewProvider.swift */; };
		3F9B37762A503D6800275B7F /* Double.swift in Sources */ = {isa = PBXBuildFile; fileRef = 3F9B37752A503D6800275B7F /* Double.swift */; };
		3F9B37782A52D14100275B7F /* HomeViewModel.swift in Sources */ = {isa = PBXBuildFile; fileRef = 3F9B37772A52D14100275B7F /* HomeViewModel.swift */; };
		3F9B377B2A52E9D400275B7F /* CoinDataServices.swift in Sources */ = {isa = PBXBuildFile; fileRef = 3F9B377A2A52E9D400275B7F /* CoinDataServices.swift */; };
		3F9B377E2A542AFD00275B7F /* NetworkManager.swift in Sources */ = {isa = PBXBuildFile; fileRef = 3F9B377D2A542AFD00275B7F /* NetworkManager.swift */; };
		3F9B37812A54418600275B7F /* CoinImageView.swift in Sources */ = {isa = PBXBuildFile; fileRef = 3F9B37802A54418500275B7F /* CoinImageView.swift */; };
/* End PBXBuildFile section */

/* Begin PBXFileReference section */
		3F2700CC2A59602600B83CFF /* PortfolioView.swift */ = {isa = PBXFileReference; lastKnownFileType = sourcecode.swift; path = PortfolioView.swift; sourceTree = "<group>"; };
		3F2700D02A59695500B83CFF /* XmarkButton.swift */ = {isa = PBXFileReference; lastKnownFileType = sourcecode.swift; path = XmarkButton.swift; sourceTree = "<group>"; };
		3F2700D32A596E0200B83CFF /* CoinLogoView.swift */ = {isa = PBXFileReference; lastKnownFileType = sourcecode.swift; path = CoinLogoView.swift; sourceTree = "<group>"; };
		3F2700D62A5AB38A00B83CFF /* PortfolioContainer.xcdatamodel */ = {isa = PBXFileReference; lastKnownFileType = wrapper.xcdatamodel; path = PortfolioContainer.xcdatamodel; sourceTree = "<group>"; };
		3F2700D82A5AB4FF00B83CFF /* PortfolioDataService.swift */ = {isa = PBXFileReference; lastKnownFileType = sourcecode.swift; path = PortfolioDataService.swift; sourceTree = "<group>"; };
		3F270F692A6E73D40072639F /* SettingsView.swift */ = {isa = PBXFileReference; lastKnownFileType = sourcecode.swift; path = SettingsView.swift; sourceTree = "<group>"; };
		3F270F702A6EBA7A0072639F /* LaunchScreen.storyboard */ = {isa = PBXFileReference; lastKnownFileType = file.storyboard; path = LaunchScreen.storyboard; sourceTree = "<group>"; };
		3F270F722A6EBEAA0072639F /* LaunchView.swift */ = {isa = PBXFileReference; lastKnownFileType = sourcecode.swift; path = LaunchView.swift; sourceTree = "<group>"; };
		3F3183642A6D36DE002A45A5 /* ChartView.swift */ = {isa = PBXFileReference; lastKnownFileType = sourcecode.swift; path = ChartView.swift; sourceTree = "<group>"; };
		3F3183662A6D454B002A45A5 /* Date.swift */ = {isa = PBXFileReference; fileEncoding = 4; lastKnownFileType = sourcecode.swift; path = Date.swift; sourceTree = "<group>"; };
		3F3183682A6D8FF6002A45A5 /* String.swift */ = {isa = PBXFileReference; fileEncoding = 4; lastKnownFileType = sourcecode.swift; path = String.swift; sourceTree = "<group>"; };
		3F50A12E2A55E93300D62824 /* SearchBarView.swift */ = {isa = PBXFileReference; lastKnownFileType = sourcecode.swift; path = SearchBarView.swift; sourceTree = "<group>"; };
		3F50A1302A55F6B100D62824 /* UIApplication.swift */ = {isa = PBXFileReference; lastKnownFileType = sourcecode.swift; path = UIApplication.swift; sourceTree = "<group>"; };
		3F50A1322A56D16200D62824 /* StatisticModel.swift */ = {isa = PBXFileReference; lastKnownFileType = sourcecode.swift; path = StatisticModel.swift; sourceTree = "<group>"; };
		3F50A1352A56D2BC00D62824 /* StatasticView.swift */ = {isa = PBXFileReference; lastKnownFileType = sourcecode.swift; path = StatasticView.swift; sourceTree = "<group>"; };
		3F50A1372A56F18B00D62824 /* HomeStateView.swift */ = {isa = PBXFileReference; lastKnownFileType = sourcecode.swift; path = HomeStateView.swift; sourceTree = "<group>"; };
		3F7765662A58189A00230227 /* MarketDataModel.swift */ = {isa = PBXFileReference; lastKnownFileType = sourcecode.swift; path = MarketDataModel.swift; sourceTree = "<group>"; };
		3F7765682A581F5C00230227 /* MarketDataService.swift */ = {isa = PBXFileReference; lastKnownFileType = sourcecode.swift; path = MarketDataService.swift; sourceTree = "<group>"; };
		3F80971E2A5443D40071F16A /* CoinImageService.swift */ = {isa = PBXFileReference; lastKnownFileType = sourcecode.swift; path = CoinImageService.swift; sourceTree = "<group>"; };
		3F8097202A54469D0071F16A /* CoinImageViewModel.swift */ = {isa = PBXFileReference; lastKnownFileType = sourcecode.swift; path = CoinImageViewModel.swift; sourceTree = "<group>"; };
		3F8097222A5455D80071F16A /* LocalFileManager.swift */ = {isa = PBXFileReference; lastKnownFileType = sourcecode.swift; path = LocalFileManager.swift; sourceTree = "<group>"; };
		3F85AFD72A66C20100839DED /* HapticsManager.swift */ = {isa = PBXFileReference; lastKnownFileType = sourcecode.swift; path = HapticsManager.swift; sourceTree = "<group>"; };
		3F85AFDC2A681AEA00839DED /* DetailView.swift */ = {isa = PBXFileReference; lastKnownFileType = sourcecode.swift; path = DetailView.swift; sourceTree = "<group>"; };
		3F85AFDE2A68590300839DED /* CoinDetailModel.swift */ = {isa = PBXFileReference; lastKnownFileType = sourcecode.swift; path = CoinDetailModel.swift; sourceTree = "<group>"; };
		3F85AFE02A685E4700839DED /* DetailViewModel.swift */ = {isa = PBXFileReference; lastKnownFileType = sourcecode.swift; path = DetailViewModel.swift; sourceTree = "<group>"; };
		3F85AFE22A685EA700839DED /* CoinDetailDataService.swift */ = {isa = PBXFileReference; lastKnownFileType = sourcecode.swift; path = CoinDetailDataService.swift; sourceTree = "<group>"; };
		3F9B374C2A4AD65600275B7F /* CryptoApp.app */ = {isa = PBXFileReference; explicitFileType = wrapper.application; includeInIndex = 0; path = CryptoApp.app; sourceTree = BUILT_PRODUCTS_DIR; };
		3F9B374F2A4AD65600275B7F /* CryptoAppApp.swift */ = {isa = PBXFileReference; lastKnownFileType = sourcecode.swift; path = CryptoAppApp.swift; sourceTree = "<group>"; };
		3F9B37532A4AD65700275B7F /* Assets.xcassets */ = {isa = PBXFileReference; lastKnownFileType = folder.assetcatalog; path = Assets.xcassets; sourceTree = "<group>"; };
		3F9B37562A4AD65700275B7F /* Preview Assets.xcassets */ = {isa = PBXFileReference; lastKnownFileType = folder.assetcatalog; path = "Preview Assets.xcassets"; sourceTree = "<group>"; };
		3F9B375E2A4ADB1100275B7F /* Color.swift */ = {isa = PBXFileReference; lastKnownFileType = sourcecode.swift; path = Color.swift; sourceTree = "<group>"; };
		3F9B37642A4AE85E00275B7F /* HomeView.swift */ = {isa = PBXFileReference; lastKnownFileType = sourcecode.swift; path = HomeView.swift; sourceTree = "<group>"; };
		3F9B37672A4AE9C500275B7F /* CircleButtonView.swift */ = {isa = PBXFileReference; lastKnownFileType = sourcecode.swift; path = CircleButtonView.swift; sourceTree = "<group>"; };
		3F9B376A2A4AF11600275B7F /* CircleButtonAnimationView.swift */ = {isa = PBXFileReference; lastKnownFileType = sourcecode.swift; path = CircleButtonAnimationView.swift; sourceTree = "<group>"; };
		3F9B376D2A4B004C00275B7F /* CoinModel.swift */ = {isa = PBXFileReference; lastKnownFileType = sourcecode.swift; path = CoinModel.swift; sourceTree = "<group>"; };
		3F9B376F2A5035AD00275B7F /* CoinRowView.swift */ = {isa = PBXFileReference; lastKnownFileType = sourcecode.swift; path = CoinRowView.swift; sourceTree = "<group>"; };
		3F9B37732A5036B300275B7F /* PreviewProvider.swift */ = {isa = PBXFileReference; lastKnownFileType = sourcecode.swift; path = PreviewProvider.swift; sourceTree = "<group>"; };
		3F9B37752A503D6800275B7F /* Double.swift */ = {isa = PBXFileReference; lastKnownFileType = sourcecode.swift; path = Double.swift; sourceTree = "<group>"; };
		3F9B37772A52D14100275B7F /* HomeViewModel.swift */ = {isa = PBXFileReference; lastKnownFileType = sourcecode.swift; path = HomeViewModel.swift; sourceTree = "<group>"; };
		3F9B377A2A52E9D400275B7F /* CoinDataServices.swift */ = {isa = PBXFileReference; lastKnownFileType = sourcecode.swift; path = CoinDataServices.swift; sourceTree = "<group>"; };
		3F9B377D2A542AFD00275B7F /* NetworkManager.swift */ = {isa = PBXFileReference; lastKnownFileType = sourcecode.swift; path = NetworkManager.swift; sourceTree = "<group>"; };
		3F9B37802A54418500275B7F /* CoinImageView.swift */ = {isa = PBXFileReference; lastKnownFileType = sourcecode.swift; path = CoinImageView.swift; sourceTree = "<group>"; };
/* End PBXFileReference section */

/* Begin PBXFrameworksBuildPhase section */
		3F9B37492A4AD65600275B7F /* Frameworks */ = {
			isa = PBXFrameworksBuildPhase;
			buildActionMask = 2147483647;
			files = (
			);
			runOnlyForDeploymentPostprocessing = 0;
		};
/* End PBXFrameworksBuildPhase section */

/* Begin PBXGroup section */
		3F2700D22A596DBA00B83CFF /* XmarkButton */ = {
			isa = PBXGroup;
			children = (
				3F2700D02A59695500B83CFF /* XmarkButton.swift */,
			);
			path = XmarkButton;
			sourceTree = "<group>";
		};
		3F270F682A6E73B20072639F /* Settings */ = {
			isa = PBXGroup;
			children = (
				3F270F692A6E73D40072639F /* SettingsView.swift */,
			);
			path = Settings;
			sourceTree = "<group>";
		};
		3F270F6E2A6EBA4F0072639F /* Launch */ = {
			isa = PBXGroup;
			children = (
				3F270F6F2A6EBA5C0072639F /* Views */,
			);
			path = Launch;
			sourceTree = "<group>";
		};
		3F270F6F2A6EBA5C0072639F /* Views */ = {
			isa = PBXGroup;
			children = (
				3F270F702A6EBA7A0072639F /* LaunchScreen.storyboard */,
				3F270F722A6EBEAA0072639F /* LaunchView.swift */,
			);
			path = Views;
			sourceTree = "<group>";
		};
		3F50A12D2A55E91C00D62824 /* SearchBar */ = {
			isa = PBXGroup;
			children = (
				3F50A12E2A55E93300D62824 /* SearchBarView.swift */,
			);
			path = SearchBar;
			sourceTree = "<group>";
		};
		3F50A1342A56D29D00D62824 /* Statastic */ = {
			isa = PBXGroup;
			children = (
				3F50A1352A56D2BC00D62824 /* StatasticView.swift */,
			);
			path = Statastic;
			sourceTree = "<group>";
		};
		3F85AFD92A681A2300839DED /* Detail */ = {
			isa = PBXGroup;
			children = (
				3F85AFDB2A681A3800839DED /* ViewModel */,
				3F85AFDA2A681A3600839DED /* View */,
			);
			path = Detail;
			sourceTree = "<group>";
		};
		3F85AFDA2A681A3600839DED /* View */ = {
			isa = PBXGroup;
			children = (
				3F85AFDC2A681AEA00839DED /* DetailView.swift */,
				3F3183642A6D36DE002A45A5 /* ChartView.swift */,
			);
			path = View;
			sourceTree = "<group>";
		};
		3F85AFDB2A681A3800839DED /* ViewModel */ = {
			isa = PBXGroup;
			children = (
				3F85AFE02A685E4700839DED /* DetailViewModel.swift */,
			);
			path = ViewModel;
			sourceTree = "<group>";
		};
		3F9B37432A4AD65600275B7F = {
			isa = PBXGroup;
			children = (
				3F9B374E2A4AD65600275B7F /* CryptoApp */,
				3F9B374D2A4AD65600275B7F /* Products */,
			);
			sourceTree = "<group>";
		};
		3F9B374D2A4AD65600275B7F /* Products */ = {
			isa = PBXGroup;
			children = (
				3F9B374C2A4AD65600275B7F /* CryptoApp.app */,
			);
			name = Products;
			sourceTree = "<group>";
		};
		3F9B374E2A4AD65600275B7F /* CryptoApp */ = {
			isa = PBXGroup;
			children = (
				3F9B377C2A542ADE00275B7F /* Utilities */,
				3F9B37792A52E9BC00275B7F /* Services */,
				3F9B376C2A4B003A00275B7F /* Model */,
				3F9B375D2A4ADAFB00275B7F /* Extension */,
				3F9B37602A4AE2D400275B7F /* Core */,
				3F9B374F2A4AD65600275B7F /* CryptoAppApp.swift */,
				3F9B37532A4AD65700275B7F /* Assets.xcassets */,
				3F9B37552A4AD65700275B7F /* Preview Content */,
			);
			path = CryptoApp;
			sourceTree = "<group>";
		};
		3F9B37552A4AD65700275B7F /* Preview Content */ = {
			isa = PBXGroup;
			children = (
				3F9B37562A4AD65700275B7F /* Preview Assets.xcassets */,
			);
			path = "Preview Content";
			sourceTree = "<group>";
		};
		3F9B375D2A4ADAFB00275B7F /* Extension */ = {
			isa = PBXGroup;
			children = (
				3F9B375E2A4ADB1100275B7F /* Color.swift */,
				3F3183662A6D454B002A45A5 /* Date.swift */,
				3F9B37732A5036B300275B7F /* PreviewProvider.swift */,
				3F9B37752A503D6800275B7F /* Double.swift */,
				3F50A1302A55F6B100D62824 /* UIApplication.swift */,
				3F3183682A6D8FF6002A45A5 /* String.swift */,
			);
			path = Extension;
			sourceTree = "<group>";
		};
		3F9B37602A4AE2D400275B7F /* Core */ = {
			isa = PBXGroup;
			children = (
				3F270F6E2A6EBA4F0072639F /* Launch */,
				3F9B37692A4AE9CF00275B7F /* Components */,
				3F9B37612A4AE82E00275B7F /* Home */,
				3F85AFD92A681A2300839DED /* Detail */,
				3F270F682A6E73B20072639F /* Settings */,
			);
			path = Core;
			sourceTree = "<group>";
		};
		3F9B37612A4AE82E00275B7F /* Home */ = {
			isa = PBXGroup;
			children = (
				3F9B37632A4AE84700275B7F /* ViewModel */,
				3F9B37622A4AE84500275B7F /* View */,
			);
			path = Home;
			sourceTree = "<group>";
		};
		3F9B37622A4AE84500275B7F /* View */ = {
			isa = PBXGroup;
			children = (
				3F9B37642A4AE85E00275B7F /* HomeView.swift */,
				3F9B376F2A5035AD00275B7F /* CoinRowView.swift */,
				3F50A1372A56F18B00D62824 /* HomeStateView.swift */,
				3F2700CC2A59602600B83CFF /* PortfolioView.swift */,
			);
			path = View;
			sourceTree = "<group>";
		};
		3F9B37632A4AE84700275B7F /* ViewModel */ = {
			isa = PBXGroup;
			children = (
				3F9B37772A52D14100275B7F /* HomeViewModel.swift */,
			);
			path = ViewModel;
			sourceTree = "<group>";
		};
		3F9B37662A4AE9A900275B7F /* CircleButton */ = {
			isa = PBXGroup;
			children = (
				3F9B37672A4AE9C500275B7F /* CircleButtonView.swift */,
				3F9B376A2A4AF11600275B7F /* CircleButtonAnimationView.swift */,
			);
			path = CircleButton;
			sourceTree = "<group>";
		};
		3F9B37692A4AE9CF00275B7F /* Components */ = {
			isa = PBXGroup;
			children = (
				3F2700D22A596DBA00B83CFF /* XmarkButton */,
				3F50A1342A56D29D00D62824 /* Statastic */,
				3F50A12D2A55E91C00D62824 /* SearchBar */,
				3F9B377F2A54416F00275B7F /* CoinImage */,
				3F9B37662A4AE9A900275B7F /* CircleButton */,
			);
			path = Components;
			sourceTree = "<group>";
		};
		3F9B376C2A4B003A00275B7F /* Model */ = {
			isa = PBXGroup;
			children = (
				3F9B376D2A4B004C00275B7F /* CoinModel.swift */,
				3F85AFDE2A68590300839DED /* CoinDetailModel.swift */,
				3F50A1322A56D16200D62824 /* StatisticModel.swift */,
				3F7765662A58189A00230227 /* MarketDataModel.swift */,
				3F2700D52A5AB38A00B83CFF /* PortfolioContainer.xcdatamodeld */,
			);
			path = Model;
			sourceTree = "<group>";
		};
		3F9B37792A52E9BC00275B7F /* Services */ = {
			isa = PBXGroup;
			children = (
				3F9B377A2A52E9D400275B7F /* CoinDataServices.swift */,
				3F85AFE22A685EA700839DED /* CoinDetailDataService.swift */,
				3F80971E2A5443D40071F16A /* CoinImageService.swift */,
				3F7765682A581F5C00230227 /* MarketDataService.swift */,
				3F2700D82A5AB4FF00B83CFF /* PortfolioDataService.swift */,
			);
			path = Services;
			sourceTree = "<group>";
		};
		3F9B377C2A542ADE00275B7F /* Utilities */ = {
			isa = PBXGroup;
			children = (
				3F9B377D2A542AFD00275B7F /* NetworkManager.swift */,
				3F8097222A5455D80071F16A /* LocalFileManager.swift */,
				3F85AFD72A66C20100839DED /* HapticsManager.swift */,
			);
			path = Utilities;
			sourceTree = "<group>";
		};
		3F9B377F2A54416F00275B7F /* CoinImage */ = {
			isa = PBXGroup;
			children = (
				3F9B37802A54418500275B7F /* CoinImageView.swift */,
				3F8097202A54469D0071F16A /* CoinImageViewModel.swift */,
				3F2700D32A596E0200B83CFF /* CoinLogoView.swift */,
			);
			path = CoinImage;
			sourceTree = "<group>";
		};
/* End PBXGroup section */

/* Begin PBXNativeTarget section */
		3F9B374B2A4AD65600275B7F /* CryptoApp */ = {
			isa = PBXNativeTarget;
			buildConfigurationList = 3F9B375A2A4AD65700275B7F /* Build configuration list for PBXNativeTarget "CryptoApp" */;
			buildPhases = (
				3F9B37482A4AD65600275B7F /* Sources */,
				3F9B37492A4AD65600275B7F /* Frameworks */,
				3F9B374A2A4AD65600275B7F /* Resources */,
			);
			buildRules = (
			);
			dependencies = (
			);
			name = CryptoApp;
			productName = CryptoApp;
			productReference = 3F9B374C2A4AD65600275B7F /* CryptoApp.app */;
			productType = "com.apple.product-type.application";
		};
/* End PBXNativeTarget section */

/* Begin PBXProject section */
		3F9B37442A4AD65600275B7F /* Project object */ = {
			isa = PBXProject;
			attributes = {
				BuildIndependentTargetsInParallel = 1;
				LastSwiftUpdateCheck = 1420;
				LastUpgradeCheck = 1420;
				TargetAttributes = {
					3F9B374B2A4AD65600275B7F = {
						CreatedOnToolsVersion = 14.2;
					};
				};
			};
			buildConfigurationList = 3F9B37472A4AD65600275B7F /* Build configuration list for PBXProject "CryptoApp" */;
			compatibilityVersion = "Xcode 14.0";
			developmentRegion = en;
			hasScannedForEncodings = 0;
			knownRegions = (
				en,
				Base,
			);
			mainGroup = 3F9B37432A4AD65600275B7F;
			productRefGroup = 3F9B374D2A4AD65600275B7F /* Products */;
			projectDirPath = "";
			projectRoot = "";
			targets = (
				3F9B374B2A4AD65600275B7F /* CryptoApp */,
			);
		};
/* End PBXProject section */

/* Begin PBXResourcesBuildPhase section */
		3F9B374A2A4AD65600275B7F /* Resources */ = {
			isa = PBXResourcesBuildPhase;
			buildActionMask = 2147483647;
			files = (
				3F270F712A6EBA7A0072639F /* LaunchScreen.storyboard in Resources */,
				3F9B37572A4AD65700275B7F /* Preview Assets.xcassets in Resources */,
				3F9B37542A4AD65700275B7F /* Assets.xcassets in Resources */,
			);
			runOnlyForDeploymentPostprocessing = 0;
		};
/* End PBXResourcesBuildPhase section */

/* Begin PBXSourcesBuildPhase section */
		3F9B37482A4AD65600275B7F /* Sources */ = {
			isa = PBXSourcesBuildPhase;
			buildActionMask = 2147483647;
			files = (
				3F2700D72A5AB38A00B83CFF /* PortfolioContainer.xcdatamodeld in Sources */,
				3F50A1332A56D16200D62824 /* StatisticModel.swift in Sources */,
				3F9B37702A5035AD00275B7F /* CoinRowView.swift in Sources */,
				3F3183652A6D36DE002A45A5 /* ChartView.swift in Sources */,
				3F9B37782A52D14100275B7F /* HomeViewModel.swift in Sources */,
				3F50A1382A56F18B00D62824 /* HomeStateView.swift in Sources */,
				3F3183672A6D454B002A45A5 /* Date.swift in Sources */,
				3F50A1362A56D2BC00D62824 /* StatasticView.swift in Sources */,
				3F7765672A58189A00230227 /* MarketDataModel.swift in Sources */,
				3F9B377E2A542AFD00275B7F /* NetworkManager.swift in Sources */,
				3F8097232A5455D80071F16A /* LocalFileManager.swift in Sources */,
				3F9B37652A4AE85E00275B7F /* HomeView.swift in Sources */,
				3F9B37812A54418600275B7F /* CoinImageView.swift in Sources */,
				3F9B377B2A52E9D400275B7F /* CoinDataServices.swift in Sources */,
				3F50A1312A55F6B100D62824 /* UIApplication.swift in Sources */,
				3F270F732A6EBEAA0072639F /* LaunchView.swift in Sources */,
				3F9B37502A4AD65600275B7F /* CryptoAppApp.swift in Sources */,
				3F9B37682A4AE9C500275B7F /* CircleButtonView.swift in Sources */,
				3F85AFDD2A681AEA00839DED /* DetailView.swift in Sources */,
				3F50A12F2A55E93300D62824 /* SearchBarView.swift in Sources */,
				3F9B375F2A4ADB1100275B7F /* Color.swift in Sources */,
				3F85AFD82A66C20100839DED /* HapticsManager.swift in Sources */,
				3F2700D42A596E0200B83CFF /* CoinLogoView.swift in Sources */,
				3F2700D12A59695500B83CFF /* XmarkButton.swift in Sources */,
				3F7765692A581F5C00230227 /* MarketDataService.swift in Sources */,
				3F9B376B2A4AF11600275B7F /* CircleButtonAnimationView.swift in Sources */,
				3F8097212A54469D0071F16A /* CoinImageViewModel.swift in Sources */,
				3F3183692A6D8FF6002A45A5 /* String.swift in Sources */,
				3F9B37742A5036B300275B7F /* PreviewProvider.swift in Sources */,
				3F2700CD2A59602600B83CFF /* PortfolioView.swift in Sources */,
				3F9B37762A503D6800275B7F /* Double.swift in Sources */,
				3F80971F2A5443D40071F16A /* CoinImageService.swift in Sources */,
				3F85AFDF2A68590300839DED /* CoinDetailModel.swift in Sources */,
				3F9B376E2A4B004C00275B7F /* CoinModel.swift in Sources */,
				3F85AFE32A685EA700839DED /* CoinDetailDataService.swift in Sources */,
				3F85AFE12A685E4700839DED /* DetailViewModel.swift in Sources */,
				3F2700D92A5AB4FF00B83CFF /* PortfolioDataService.swift in Sources */,
				3F270F6A2A6E73D40072639F /* SettingsView.swift in Sources */,
			);
			runOnlyForDeploymentPostprocessing = 0;
		};
/* End PBXSourcesBuildPhase section */

/* Begin XCBuildConfiguration section */
		3F9B37582A4AD65700275B7F /* Debug */ = {
			isa = XCBuildConfiguration;
			buildSettings = {
				ALWAYS_SEARCH_USER_PATHS = NO;
				CLANG_ANALYZER_NONNULL = YES;
				CLANG_ANALYZER_NUMBER_OBJECT_CONVERSION = YES_AGGRESSIVE;
				CLANG_CXX_LANGUAGE_STANDARD = "gnu++20";
				CLANG_ENABLE_MODULES = YES;
				CLANG_ENABLE_OBJC_ARC = YES;
				CLANG_ENABLE_OBJC_WEAK = YES;
				CLANG_WARN_BLOCK_CAPTURE_AUTORELEASING = YES;
				CLANG_WARN_BOOL_CONVERSION = YES;
				CLANG_WARN_COMMA = YES;
				CLANG_WARN_CONSTANT_CONVERSION = YES;
				CLANG_WARN_DEPRECATED_OBJC_IMPLEMENTATIONS = YES;
				CLANG_WARN_DIRECT_OBJC_ISA_USAGE = YES_ERROR;
				CLANG_WARN_DOCUMENTATION_COMMENTS = YES;
				CLANG_WARN_EMPTY_BODY = YES;
				CLANG_WARN_ENUM_CONVERSION = YES;
				CLANG_WARN_INFINITE_RECURSION = YES;
				CLANG_WARN_INT_CONVERSION = YES;
				CLANG_WARN_NON_LITERAL_NULL_CONVERSION = YES;
				CLANG_WARN_OBJC_IMPLICIT_RETAIN_SELF = YES;
				CLANG_WARN_OBJC_LITERAL_CONVERSION = YES;
				CLANG_WARN_OBJC_ROOT_CLASS = YES_ERROR;
				CLANG_WARN_QUOTED_INCLUDE_IN_FRAMEWORK_HEADER = YES;
				CLANG_WARN_RANGE_LOOP_ANALYSIS = YES;
				CLANG_WARN_STRICT_PROTOTYPES = YES;
				CLANG_WARN_SUSPICIOUS_MOVE = YES;
				CLANG_WARN_UNGUARDED_AVAILABILITY = YES_AGGRESSIVE;
				CLANG_WARN_UNREACHABLE_CODE = YES;
				CLANG_WARN__DUPLICATE_METHOD_MATCH = YES;
				COPY_PHASE_STRIP = NO;
				DEBUG_INFORMATION_FORMAT = dwarf;
				ENABLE_STRICT_OBJC_MSGSEND = YES;
				ENABLE_TESTABILITY = YES;
				GCC_C_LANGUAGE_STANDARD = gnu11;
				GCC_DYNAMIC_NO_PIC = NO;
				GCC_NO_COMMON_BLOCKS = YES;
				GCC_OPTIMIZATION_LEVEL = 0;
				GCC_PREPROCESSOR_DEFINITIONS = (
					"DEBUG=1",
					"$(inherited)",
				);
				GCC_WARN_64_TO_32_BIT_CONVERSION = YES;
				GCC_WARN_ABOUT_RETURN_TYPE = YES_ERROR;
				GCC_WARN_UNDECLARED_SELECTOR = YES;
				GCC_WARN_UNINITIALIZED_AUTOS = YES_AGGRESSIVE;
				GCC_WARN_UNUSED_FUNCTION = YES;
				GCC_WARN_UNUSED_VARIABLE = YES;
				IPHONEOS_DEPLOYMENT_TARGET = 16.2;
				MTL_ENABLE_DEBUG_INFO = INCLUDE_SOURCE;
				MTL_FAST_MATH = YES;
				ONLY_ACTIVE_ARCH = YES;
				SDKROOT = iphoneos;
				SWIFT_ACTIVE_COMPILATION_CONDITIONS = DEBUG;
				SWIFT_OPTIMIZATION_LEVEL = "-Onone";
			};
			name = Debug;
		};
		3F9B37592A4AD65700275B7F /* Release */ = {
			isa = XCBuildConfiguration;
			buildSettings = {
				ALWAYS_SEARCH_USER_PATHS = NO;
				CLANG_ANALYZER_NONNULL = YES;
				CLANG_ANALYZER_NUMBER_OBJECT_CONVERSION = YES_AGGRESSIVE;
				CLANG_CXX_LANGUAGE_STANDARD = "gnu++20";
				CLANG_ENABLE_MODULES = YES;
				CLANG_ENABLE_OBJC_ARC = YES;
				CLANG_ENABLE_OBJC_WEAK = YES;
				CLANG_WARN_BLOCK_CAPTURE_AUTORELEASING = YES;
				CLANG_WARN_BOOL_CONVERSION = YES;
				CLANG_WARN_COMMA = YES;
				CLANG_WARN_CONSTANT_CONVERSION = YES;
				CLANG_WARN_DEPRECATED_OBJC_IMPLEMENTATIONS = YES;
				CLANG_WARN_DIRECT_OBJC_ISA_USAGE = YES_ERROR;
				CLANG_WARN_DOCUMENTATION_COMMENTS = YES;
				CLANG_WARN_EMPTY_BODY = YES;
				CLANG_WARN_ENUM_CONVERSION = YES;
				CLANG_WARN_INFINITE_RECURSION = YES;
				CLANG_WARN_INT_CONVERSION = YES;
				CLANG_WARN_NON_LITERAL_NULL_CONVERSION = YES;
				CLANG_WARN_OBJC_IMPLICIT_RETAIN_SELF = YES;
				CLANG_WARN_OBJC_LITERAL_CONVERSION = YES;
				CLANG_WARN_OBJC_ROOT_CLASS = YES_ERROR;
				CLANG_WARN_QUOTED_INCLUDE_IN_FRAMEWORK_HEADER = YES;
				CLANG_WARN_RANGE_LOOP_ANALYSIS = YES;
				CLANG_WARN_STRICT_PROTOTYPES = YES;
				CLANG_WARN_SUSPICIOUS_MOVE = YES;
				CLANG_WARN_UNGUARDED_AVAILABILITY = YES_AGGRESSIVE;
				CLANG_WARN_UNREACHABLE_CODE = YES;
				CLANG_WARN__DUPLICATE_METHOD_MATCH = YES;
				COPY_PHASE_STRIP = NO;
				DEBUG_INFORMATION_FORMAT = "dwarf-with-dsym";
				ENABLE_NS_ASSERTIONS = NO;
				ENABLE_STRICT_OBJC_MSGSEND = YES;
				GCC_C_LANGUAGE_STANDARD = gnu11;
				GCC_NO_COMMON_BLOCKS = YES;
				GCC_WARN_64_TO_32_BIT_CONVERSION = YES;
				GCC_WARN_ABOUT_RETURN_TYPE = YES_ERROR;
				GCC_WARN_UNDECLARED_SELECTOR = YES;
				GCC_WARN_UNINITIALIZED_AUTOS = YES_AGGRESSIVE;
				GCC_WARN_UNUSED_FUNCTION = YES;
				GCC_WARN_UNUSED_VARIABLE = YES;
				IPHONEOS_DEPLOYMENT_TARGET = 16.2;
				MTL_ENABLE_DEBUG_INFO = NO;
				MTL_FAST_MATH = YES;
				SDKROOT = iphoneos;
				SWIFT_COMPILATION_MODE = wholemodule;
				SWIFT_OPTIMIZATION_LEVEL = "-O";
				VALIDATE_PRODUCT = YES;
			};
			name = Release;
		};
		3F9B375B2A4AD65700275B7F /* Debug */ = {
			isa = XCBuildConfiguration;
			buildSettings = {
				ASSETCATALOG_COMPILER_APPICON_NAME = AppIcon;
				ASSETCATALOG_COMPILER_GLOBAL_ACCENT_COLOR_NAME = AccentColor;
				CODE_SIGN_STYLE = Automatic;
				CURRENT_PROJECT_VERSION = 1;
				DEVELOPMENT_ASSET_PATHS = "\"CryptoApp/Preview Content\"";
				ENABLE_PREVIEWS = YES;
				GENERATE_INFOPLIST_FILE = YES;
				INFOPLIST_FILE = CryptoApp/Info.plist;
				INFOPLIST_KEY_CFBundleDisplayName = "Cryto Tracker";
				INFOPLIST_KEY_UIApplicationSceneManifest_Generation = YES;
				INFOPLIST_KEY_UIApplicationSupportsIndirectInputEvents = YES;
				INFOPLIST_KEY_UILaunchStoryboardName = LaunchScreen.storyboard;
				INFOPLIST_KEY_UISupportedInterfaceOrientations = UIInterfaceOrientationPortrait;
				INFOPLIST_KEY_UISupportedInterfaceOrientations_iPad = "UIInterfaceOrientationLandscapeLeft UIInterfaceOrientationLandscapeRight UIInterfaceOrientationPortrait UIInterfaceOrientationPortraitUpsideDown";
				LD_RUNPATH_SEARCH_PATHS = (
					"$(inherited)",
					"@executable_path/Frameworks",
				);
				MARKETING_VERSION = 1.0;
				PRODUCT_BUNDLE_IDENTIFIER = khantamim.CryptoApp;
				PRODUCT_NAME = "$(TARGET_NAME)";
				SWIFT_EMIT_LOC_STRINGS = YES;
				SWIFT_VERSION = 5.0;
				TARGETED_DEVICE_FAMILY = "1,2";
			};
			name = Debug;
		};
		3F9B375C2A4AD65700275B7F /* Release */ = {
			isa = XCBuildConfiguration;
			buildSettings = {
				ASSETCATALOG_COMPILER_APPICON_NAME = AppIcon;
				ASSETCATALOG_COMPILER_GLOBAL_ACCENT_COLOR_NAME = AccentColor;
				CODE_SIGN_STYLE = Automatic;
				CURRENT_PROJECT_VERSION = 1;
				DEVELOPMENT_ASSET_PATHS = "\"CryptoApp/Preview Content\"";
				ENABLE_PREVIEWS = YES;
				GENERATE_INFOPLIST_FILE = YES;
				INFOPLIST_FILE = CryptoApp/Info.plist;
				INFOPLIST_KEY_CFBundleDisplayName = "Cryto Tracker";
				INFOPLIST_KEY_UIApplicationSceneManifest_Generation = YES;
				INFOPLIST_KEY_UIApplicationSupportsIndirectInputEvents = YES;
				INFOPLIST_KEY_UILaunchStoryboardName = LaunchScreen.storyboard;
				INFOPLIST_KEY_UISupportedInterfaceOrientations = UIInterfaceOrientationPortrait;
				INFOPLIST_KEY_UISupportedInterfaceOrientations_iPad = "UIInterfaceOrientationLandscapeLeft UIInterfaceOrientationLandscapeRight UIInterfaceOrientationPortrait UIInterfaceOrientationPortraitUpsideDown";
				LD_RUNPATH_SEARCH_PATHS = (
					"$(inherited)",
					"@executable_path/Frameworks",
				);
				MARKETING_VERSION = 1.0;
				PRODUCT_BUNDLE_IDENTIFIER = khantamim.CryptoApp;
				PRODUCT_NAME = "$(TARGET_NAME)";
				SWIFT_EMIT_LOC_STRINGS = YES;
				SWIFT_VERSION = 5.0;
				TARGETED_DEVICE_FAMILY = "1,2";
			};
			name = Release;
		};
/* End XCBuildConfiguration section */

/* Begin XCConfigurationList section */
		3F9B37472A4AD65600275B7F /* Build configuration list for PBXProject "CryptoApp" */ = {
			isa = XCConfigurationList;
			buildConfigurations = (
				3F9B37582A4AD65700275B7F /* Debug */,
				3F9B37592A4AD65700275B7F /* Release */,
			);
			defaultConfigurationIsVisible = 0;
			defaultConfigurationName = Release;
		};
		3F9B375A2A4AD65700275B7F /* Build configuration list for PBXNativeTarget "CryptoApp" */ = {
			isa = XCConfigurationList;
			buildConfigurations = (
				3F9B375B2A4AD65700275B7F /* Debug */,
				3F9B375C2A4AD65700275B7F /* Release */,
			);
			defaultConfigurationIsVisible = 0;
			defaultConfigurationName = Release;
		};
/* End XCConfigurationList section */

/* Begin XCVersionGroup section */
		3F2700D52A5AB38A00B83CFF /* PortfolioContainer.xcdatamodeld */ = {
			isa = XCVersionGroup;
			children = (
				3F2700D62A5AB38A00B83CFF /* PortfolioContainer.xcdatamodel */,
			);
			currentVersion = 3F2700D62A5AB38A00B83CFF /* PortfolioContainer.xcdatamodel */;
			path = PortfolioContainer.xcdatamodeld;
			sourceTree = "<group>";
			versionGroupType = wrapper.xcdatamodel;
		};
/* End XCVersionGroup section */
	};
	rootObject = 3F9B37442A4AD65600275B7F /* Project object */;
}
